
Microsoft Visual Studio Solution File, Format Version 12.00
# Visual Studio Version 17
VisualStudioVersion = 17.2.32526.322
MinimumVisualStudioVersion = 10.0.40219.1
Project("{2150E333-8FDC-42A3-9474-1A3956D46DE8}") = "src", "src", "{F7B88C72-3E0F-4E0F-9894-4A062A628343}"
EndProject
Project("{2150E333-8FDC-42A3-9474-1A3956D46DE8}") = "corePackages", "corePackages", "{94537645-B010-451D-BB94-E61126943888}"
EndProject
Project("{2150E333-8FDC-42A3-9474-1A3956D46DE8}") = "gymApp", "gymApp", "{41D4B60B-2DD3-45B8-9471-FF6FACC6ADA2}"
EndProject
Project("{9A19103F-16F7-4668-BE54-9A1E7A4F7556}") = "Core.Application", "src\corePackages\Core.Application\Core.Application.csproj", "{94116AE8-70E3-4FF1-BAC0-E7530C164A41}"
EndProject
Project("{9A19103F-16F7-4668-BE54-9A1E7A4F7556}") = "Core.CrossCuttingConcerns", "src\corePackages\Core.CrossCuttingConcers\Core.CrossCuttingConcerns.csproj", "{8847CF7E-CD58-40C9-BDD7-88260BFABD6B}"
EndProject
Project("{9A19103F-16F7-4668-BE54-9A1E7A4F7556}") = "Core.ElasticSearch", "src\corePackages\Core.ElasticSearch\Core.ElasticSearch.csproj", "{F4B7365E-6DBA-43A1-90F4-FEF74B75ADC3}"
EndProject
Project("{9A19103F-16F7-4668-BE54-9A1E7A4F7556}") = "Core.Mailing", "src\corePackages\Core.Mailing\Core.Mailing.csproj", "{C756FD4B-D62B-44F9-8C28-EE8AA37AA114}"
EndProject
Project("{9A19103F-16F7-4668-BE54-9A1E7A4F7556}") = "Core.Persistence", "src\corePackages\Core.Persistence\Core.Persistence.csproj", "{0C0545C6-C1CD-42FF-BF5A-91E606CF057E}"
EndProject
Project("{9A19103F-16F7-4668-BE54-9A1E7A4F7556}") = "Core.Security", "src\corePackages\Core.Security\Core.Security.csproj", "{F9A0B797-4921-4ABE-8E30-29F75CD4081C}"
EndProject
Project("{9A19103F-16F7-4668-BE54-9A1E7A4F7556}") = "Application", "src\gymApp\Application\Application.csproj", "{80A54AA2-D165-4BDC-AF92-09F6A3CA5C4D}"
EndProject
Project("{9A19103F-16F7-4668-BE54-9A1E7A4F7556}") = "Domain", "src\gymApp\Domain\Domain.csproj", "{21839A45-981D-4B41-89B0-AD7C2C96557C}"
EndProject
Project("{9A19103F-16F7-4668-BE54-9A1E7A4F7556}") = "Infrastructure", "src\gymApp\Infrastructure\Infrastructure.csproj", "{156088E5-890C-47E9-B2EC-449AE610B70A}"
EndProject
Project("{9A19103F-16F7-4668-BE54-9A1E7A4F7556}") = "Persistence", "src\gymApp\Persistence\Persistence.csproj", "{A334B4D6-8C18-4C3A-B0A5-CA2FDB00AA93}"
EndProject
Project("{9A19103F-16F7-4668-BE54-9A1E7A4F7556}") = "WebAPI", "src\gymApp\WebAPI\WebAPI.csproj", "{AE852FBC-9B27-40A2-9D23-D26E3D9FD955}"
EndProject
Global
	GlobalSection(SolutionConfigurationPlatforms) = preSolution
		Debug|Any CPU = Debug|Any CPU
		Debug|x64 = Debug|x64
		Release|Any CPU = Release|Any CPU
		Release|x64 = Release|x64
	EndGlobalSection
	GlobalSection(ProjectConfigurationPlatforms) = postSolution
		{94116AE8-70E3-4FF1-BAC0-E7530C164A41}.Debug|Any CPU.ActiveCfg = Debug|Any CPU
		{94116AE8-70E3-4FF1-BAC0-E7530C164A41}.Debug|Any CPU.Build.0 = Debug|Any CPU
		{94116AE8-70E3-4FF1-BAC0-E7530C164A41}.Debug|x64.ActiveCfg = Debug|x64
		{94116AE8-70E3-4FF1-BAC0-E7530C164A41}.Debug|x64.Build.0 = Debug|x64
		{94116AE8-70E3-4FF1-BAC0-E7530C164A41}.Release|Any CPU.ActiveCfg = Release|Any CPU
		{94116AE8-70E3-4FF1-BAC0-E7530C164A41}.Release|Any CPU.Build.0 = Release|Any CPU
		{94116AE8-70E3-4FF1-BAC0-E7530C164A41}.Release|x64.ActiveCfg = Release|x64
		{94116AE8-70E3-4FF1-BAC0-E7530C164A41}.Release|x64.Build.0 = Release|x64
		{8847CF7E-CD58-40C9-BDD7-88260BFABD6B}.Debug|Any CPU.ActiveCfg = Debug|Any CPU
		{8847CF7E-CD58-40C9-BDD7-88260BFABD6B}.Debug|Any CPU.Build.0 = Debug|Any CPU
		{8847CF7E-CD58-40C9-BDD7-88260BFABD6B}.Debug|x64.ActiveCfg = Debug|x64
		{8847CF7E-CD58-40C9-BDD7-88260BFABD6B}.Debug|x64.Build.0 = Debug|x64
		{8847CF7E-CD58-40C9-BDD7-88260BFABD6B}.Release|Any CPU.ActiveCfg = Release|Any CPU
		{8847CF7E-CD58-40C9-BDD7-88260BFABD6B}.Release|Any CPU.Build.0 = Release|Any CPU
		{8847CF7E-CD58-40C9-BDD7-88260BFABD6B}.Release|x64.ActiveCfg = Release|x64
		{8847CF7E-CD58-40C9-BDD7-88260BFABD6B}.Release|x64.Build.0 = Release|x64
		{F4B7365E-6DBA-43A1-90F4-FEF74B75ADC3}.Debug|Any CPU.ActiveCfg = Debug|Any CPU
		{F4B7365E-6DBA-43A1-90F4-FEF74B75ADC3}.Debug|Any CPU.Build.0 = Debug|Any CPU
		{F4B7365E-6DBA-43A1-90F4-FEF74B75ADC3}.Debug|x64.ActiveCfg = Debug|x64
		{F4B7365E-6DBA-43A1-90F4-FEF74B75ADC3}.Debug|x64.Build.0 = Debug|x64
		{F4B7365E-6DBA-43A1-90F4-FEF74B75ADC3}.Release|Any CPU.ActiveCfg = Release|Any CPU
		{F4B7365E-6DBA-43A1-90F4-FEF74B75ADC3}.Release|Any CPU.Build.0 = Release|Any CPU
		{F4B7365E-6DBA-43A1-90F4-FEF74B75ADC3}.Release|x64.ActiveCfg = Release|x64
		{F4B7365E-6DBA-43A1-90F4-FEF74B75ADC3}.Release|x64.Build.0 = Release|x64
		{C756FD4B-D62B-44F9-8C28-EE8AA37AA114}.Debug|Any CPU.ActiveCfg = Debug|Any CPU
		{C756FD4B-D62B-44F9-8C28-EE8AA37AA114}.Debug|Any CPU.Build.0 = Debug|Any CPU
		{C756FD4B-D62B-44F9-8C28-EE8AA37AA114}.Debug|x64.ActiveCfg = Debug|x64
		{C756FD4B-D62B-44F9-8C28-EE8AA37AA114}.Debug|x64.Build.0 = Debug|x64
		{C756FD4B-D62B-44F9-8C28-EE8AA37AA114}.Release|Any CPU.ActiveCfg = Release|Any CPU
		{C756FD4B-D62B-44F9-8C28-EE8AA37AA114}.Release|Any CPU.Build.0 = Release|Any CPU
		{C756FD4B-D62B-44F9-8C28-EE8AA37AA114}.Release|x64.ActiveCfg = Release|x64
		{C756FD4B-D62B-44F9-8C28-EE8AA37AA114}.Release|x64.Build.0 = Release|x64
		{0C0545C6-C1CD-42FF-BF5A-91E606CF057E}.Debug|Any CPU.ActiveCfg = Debug|Any CPU
		{0C0545C6-C1CD-42FF-BF5A-91E606CF057E}.Debug|Any CPU.Build.0 = Debug|Any CPU
		{0C0545C6-C1CD-42FF-BF5A-91E606CF057E}.Debug|x64.ActiveCfg = Debug|x64
		{0C0545C6-C1CD-42FF-BF5A-91E606CF057E}.Debug|x64.Build.0 = Debug|x64
		{0C0545C6-C1CD-42FF-BF5A-91E606CF057E}.Release|Any CPU.ActiveCfg = Release|Any CPU
		{0C0545C6-C1CD-42FF-BF5A-91E606CF057E}.Release|Any CPU.Build.0 = Release|Any CPU
		{0C0545C6-C1CD-42FF-BF5A-91E606CF057E}.Release|x64.ActiveCfg = Release|x64
		{0C0545C6-C1CD-42FF-BF5A-91E606CF057E}.Release|x64.Build.0 = Release|x64
		{F9A0B797-4921-4ABE-8E30-29F75CD4081C}.Debug|Any CPU.ActiveCfg = Debug|Any CPU
		{F9A0B797-4921-4ABE-8E30-29F75CD4081C}.Debug|Any CPU.Build.0 = Debug|Any CPU
		{F9A0B797-4921-4ABE-8E30-29F75CD4081C}.Debug|x64.ActiveCfg = Debug|x64
		{F9A0B797-4921-4ABE-8E30-29F75CD4081C}.Debug|x64.Build.0 = Debug|x64
		{F9A0B797-4921-4ABE-8E30-29F75CD4081C}.Release|Any CPU.ActiveCfg = Release|Any CPU
		{F9A0B797-4921-4ABE-8E30-29F75CD4081C}.Release|Any CPU.Build.0 = Release|Any CPU
		{F9A0B797-4921-4ABE-8E30-29F75CD4081C}.Release|x64.ActiveCfg = Release|x64
		{F9A0B797-4921-4ABE-8E30-29F75CD4081C}.Release|x64.Build.0 = Release|x64
		{80A54AA2-D165-4BDC-AF92-09F6A3CA5C4D}.Debug|Any CPU.ActiveCfg = Debug|Any CPU
		{80A54AA2-D165-4BDC-AF92-09F6A3CA5C4D}.Debug|Any CPU.Build.0 = Debug|Any CPU
		{80A54AA2-D165-4BDC-AF92-09F6A3CA5C4D}.Debug|x64.ActiveCfg = Debug|x64
		{80A54AA2-D165-4BDC-AF92-09F6A3CA5C4D}.Debug|x64.Build.0 = Debug|x64
		{80A54AA2-D165-4BDC-AF92-09F6A3CA5C4D}.Release|Any CPU.ActiveCfg = Release|Any CPU
		{80A54AA2-D165-4BDC-AF92-09F6A3CA5C4D}.Release|Any CPU.Build.0 = Release|Any CPU
		{80A54AA2-D165-4BDC-AF92-09F6A3CA5C4D}.Release|x64.ActiveCfg = Release|x64
		{80A54AA2-D165-4BDC-AF92-09F6A3CA5C4D}.Release|x64.Build.0 = Release|x64
		{21839A45-981D-4B41-89B0-AD7C2C96557C}.Debug|Any CPU.ActiveCfg = Debug|Any CPU
		{21839A45-981D-4B41-89B0-AD7C2C96557C}.Debug|Any CPU.Build.0 = Debug|Any CPU
		{21839A45-981D-4B41-89B0-AD7C2C96557C}.Debug|x64.ActiveCfg = Debug|x64
		{21839A45-981D-4B41-89B0-AD7C2C96557C}.Debug|x64.Build.0 = Debug|x64
		{21839A45-981D-4B41-89B0-AD7C2C96557C}.Release|Any CPU.ActiveCfg = Release|Any CPU
		{21839A45-981D-4B41-89B0-AD7C2C96557C}.Release|Any CPU.Build.0 = Release|Any CPU
		{21839A45-981D-4B41-89B0-AD7C2C96557C}.Release|x64.ActiveCfg = Release|x64
		{21839A45-981D-4B41-89B0-AD7C2C96557C}.Release|x64.Build.0 = Release|x64
		{156088E5-890C-47E9-B2EC-449AE610B70A}.Debug|Any CPU.ActiveCfg = Debug|Any CPU
		{156088E5-890C-47E9-B2EC-449AE610B70A}.Debug|Any CPU.Build.0 = Debug|Any CPU
		{156088E5-890C-47E9-B2EC-449AE610B70A}.Debug|x64.ActiveCfg = Debug|x64
		{156088E5-890C-47E9-B2EC-449AE610B70A}.Debug|x64.Build.0 = Debug|x64
		{156088E5-890C-47E9-B2EC-449AE610B70A}.Release|Any CPU.ActiveCfg = Release|Any CPU
		{156088E5-890C-47E9-B2EC-449AE610B70A}.Release|Any CPU.Build.0 = Release|Any CPU
		{156088E5-890C-47E9-B2EC-449AE610B70A}.Release|x64.ActiveCfg = Release|x64
		{156088E5-890C-47E9-B2EC-449AE610B70A}.Release|x64.Build.0 = Release|x64
		{A334B4D6-8C18-4C3A-B0A5-CA2FDB00AA93}.Debug|Any CPU.ActiveCfg = Debug|Any CPU
		{A334B4D6-8C18-4C3A-B0A5-CA2FDB00AA93}.Debug|Any CPU.Build.0 = Debug|Any CPU
		{A334B4D6-8C18-4C3A-B0A5-CA2FDB00AA93}.Debug|x64.ActiveCfg = Debug|x64
		{A334B4D6-8C18-4C3A-B0A5-CA2FDB00AA93}.Debug|x64.Build.0 = Debug|x64
		{A334B4D6-8C18-4C3A-B0A5-CA2FDB00AA93}.Release|Any CPU.ActiveCfg = Release|Any CPU
		{A334B4D6-8C18-4C3A-B0A5-CA2FDB00AA93}.Release|Any CPU.Build.0 = Release|Any CPU
		{A334B4D6-8C18-4C3A-B0A5-CA2FDB00AA93}.Release|x64.ActiveCfg = Release|x64
		{A334B4D6-8C18-4C3A-B0A5-CA2FDB00AA93}.Release|x64.Build.0 = Release|x64
		{AE852FBC-9B27-40A2-9D23-D26E3D9FD955}.Debug|Any CPU.ActiveCfg = Debug|Any CPU
		{AE852FBC-9B27-40A2-9D23-D26E3D9FD955}.Debug|Any CPU.Build.0 = Debug|Any CPU
		{AE852FBC-9B27-40A2-9D23-D26E3D9FD955}.Debug|x64.ActiveCfg = Debug|x64
		{AE852FBC-9B27-40A2-9D23-D26E3D9FD955}.Debug|x64.Build.0 = Debug|x64
		{AE852FBC-9B27-40A2-9D23-D26E3D9FD955}.Release|Any CPU.ActiveCfg = Release|Any CPU
		{AE852FBC-9B27-40A2-9D23-D26E3D9FD955}.Release|Any CPU.Build.0 = Release|Any CPU
		{AE852FBC-9B27-40A2-9D23-D26E3D9FD955}.Release|x64.ActiveCfg = Release|x64
		{AE852FBC-9B27-40A2-9D23-D26E3D9FD955}.Release|x64.Build.0 = Release|x64
	EndGlobalSection
	GlobalSection(SolutionProperties) = preSolution
		HideSolutionNode = FALSE
	EndGlobalSection
	GlobalSection(NestedProjects) = preSolution
		{94537645-B010-451D-BB94-E61126943888} = {F7B88C72-3E0F-4E0F-9894-4A062A628343}
		{41D4B60B-2DD3-45B8-9471-FF6FACC6ADA2} = {F7B88C72-3E0F-4E0F-9894-4A062A628343}
		{94116AE8-70E3-4FF1-BAC0-E7530C164A41} = {94537645-B010-451D-BB94-E61126943888}
		{8847CF7E-CD58-40C9-BDD7-88260BFABD6B} = {94537645-B010-451D-BB94-E61126943888}
		{F4B7365E-6DBA-43A1-90F4-FEF74B75ADC3} = {94537645-B010-451D-BB94-E61126943888}
		{C756FD4B-D62B-44F9-8C28-EE8AA37AA114} = {94537645-B010-451D-BB94-E61126943888}
		{0C0545C6-C1CD-42FF-BF5A-91E606CF057E} = {94537645-B010-451D-BB94-E61126943888}
		{F9A0B797-4921-4ABE-8E30-29F75CD4081C} = {94537645-B010-451D-BB94-E61126943888}
		{80A54AA2-D165-4BDC-AF92-09F6A3CA5C4D} = {41D4B60B-2DD3-45B8-9471-FF6FACC6ADA2}
		{21839A45-981D-4B41-89B0-AD7C2C96557C} = {41D4B60B-2DD3-45B8-9471-FF6FACC6ADA2}
		{156088E5-890C-47E9-B2EC-449AE610B70A} = {41D4B60B-2DD3-45B8-9471-FF6FACC6ADA2}
		{A334B4D6-8C18-4C3A-B0A5-CA2FDB00AA93} = {41D4B60B-2DD3-45B8-9471-FF6FACC6ADA2}
		{AE852FBC-9B27-40A2-9D23-D26E3D9FD955} = {41D4B60B-2DD3-45B8-9471-FF6FACC6ADA2}
	EndGlobalSection
	GlobalSection(ExtensibilityGlobals) = postSolution
		SolutionGuid = {44DCE91F-6D41-4FCF-9E07-870D2CAAEAE3}
	EndGlobalSection
EndGlobal
